
Microsoft Visual Studio Solution File, Format Version 12.00
# Visual Studio Version 17
VisualStudioVersion = 17.3.32825.248
MinimumVisualStudioVersion = 10.0.40219.1
Project("{FAE04EC0-301F-11D3-BF4B-00C04F79EFBC}") = "Lab3", "Lab3\Lab3.csproj", "{ADF417A0-8F22-4AC3-A658-D8B5FE39F006}"
EndProject
Global
	GlobalSection(SolutionConfigurationPlatforms) = preSolution
		Debug|Any CPU = Debug|Any CPU
		Release|Any CPU = Release|Any CPU
	EndGlobalSection
	GlobalSection(ProjectConfigurationPlatforms) = postSolution
		{ADF417A0-8F22-4AC3-A658-D8B5FE39F006}.Debug|Any CPU.ActiveCfg = Debug|Any CPU
		{ADF417A0-8F22-4AC3-A658-D8B5FE39F006}.Debug|Any CPU.Build.0 = Debug|Any CPU
		{ADF417A0-8F22-4AC3-A658-D8B5FE39F006}.Release|Any CPU.ActiveCfg = Release|Any CPU
		{ADF417A0-8F22-4AC3-A658-D8B5FE39F006}.Release|Any CPU.Build.0 = Release|Any CPU
	EndGlobalSection
	GlobalSection(SolutionProperties) = preSolution
		HideSolutionNode = FALSE
	EndGlobalSection
	GlobalSection(ExtensibilityGlobals) = postSolution
		SolutionGuid = {0A9AC5E3-5755-40A8-8985-2E1C6E52D2B9}
	EndGlobalSection
EndGlobal
